
Microsoft Visual Studio Solution File, Format Version 12.00
# Visual Studio Version 17
VisualStudioVersion = 17.11.35303.130
MinimumVisualStudioVersion = 10.0.40219.1
Project("{FAE04EC0-301F-11D3-BF4B-00C04F79EFBC}") = "WebApplication1", "WebApplication1\WebApplication1.csproj", "{84B08560-DD60-4BCC-899B-DA67627EBA74}"
EndProject
Global
	GlobalSection(SolutionConfigurationPlatforms) = preSolution
		Debug|Any CPU = Debug|Any CPU
		Release|Any CPU = Release|Any CPU
	EndGlobalSection
	GlobalSection(ProjectConfigurationPlatforms) = postSolution
		{84B08560-DD60-4BCC-899B-DA67627EBA74}.Debug|Any CPU.ActiveCfg = Debug|Any CPU
		{84B08560-DD60-4BCC-899B-DA67627EBA74}.Debug|Any CPU.Build.0 = Debug|Any CPU
		{84B08560-DD60-4BCC-899B-DA67627EBA74}.Release|Any CPU.ActiveCfg = Release|Any CPU
		{84B08560-DD60-4BCC-899B-DA67627EBA74}.Release|Any CPU.Build.0 = Release|Any CPU
	EndGlobalSection
	GlobalSection(SolutionProperties) = preSolution
		HideSolutionNode = FALSE
	EndGlobalSection
	GlobalSection(ExtensibilityGlobals) = postSolution
		SolutionGuid = {A4EDFE77-94B7-4E26-B2B8-475D162B83DD}
	EndGlobalSection
EndGlobal
